// !$*UTF8*$!
{
	archiveVersion = 1;
	classes = {
	};
	objectVersion = 50;
	objects = {

/* Begin PBXBuildFile section */
		84897A0A228E89A2001832D7 /* AppDelegate.m in Sources */ = {isa = PBXBuildFile; fileRef = 84897A09228E89A2001832D7 /* AppDelegate.m */; };
		84897A0D228E89A2001832D7 /* ViewController.m in Sources */ = {isa = PBXBuildFile; fileRef = 84897A0C228E89A2001832D7 /* ViewController.m */; };
		84897A10228E89A2001832D7 /* Main.storyboard in Resources */ = {isa = PBXBuildFile; fileRef = 84897A0E228E89A2001832D7 /* Main.storyboard */; };
		84897A12228E89A3001832D7 /* Assets.xcassets in Resources */ = {isa = PBXBuildFile; fileRef = 84897A11228E89A3001832D7 /* Assets.xcassets */; };
		84897A15228E89A3001832D7 /* LaunchScreen.storyboard in Resources */ = {isa = PBXBuildFile; fileRef = 84897A13228E89A3001832D7 /* LaunchScreen.storyboard */; };
		84897A18228E89A3001832D7 /* main.m in Sources */ = {isa = PBXBuildFile; fileRef = 84897A17228E89A3001832D7 /* main.m */; };
		84897A22228E89A3001832D7 /* CompressGifDemoTests.m in Sources */ = {isa = PBXBuildFile; fileRef = 84897A21228E89A3001832D7 /* CompressGifDemoTests.m */; };
		84897A2D228E89A3001832D7 /* CompressGifDemoUITests.m in Sources */ = {isa = PBXBuildFile; fileRef = 84897A2C228E89A3001832D7 /* CompressGifDemoUITests.m */; };
		84897A3F228E8B35001832D7 /* UIImageView+PlayGIF.m in Sources */ = {isa = PBXBuildFile; fileRef = 84897A3B228E8B35001832D7 /* UIImageView+PlayGIF.m */; };
		84897A40228E8B35001832D7 /* UIImage+ScallGif.m in Sources */ = {isa = PBXBuildFile; fileRef = 84897A3D228E8B35001832D7 /* UIImage+ScallGif.m */; };
		84897A43228E8E16001832D7 /* source2.gif in Resources */ = {isa = PBXBuildFile; fileRef = 84897A41228E8E16001832D7 /* source2.gif */; };
		84897A44228E8E16001832D7 /* source1.gif in Resources */ = {isa = PBXBuildFile; fileRef = 84897A42228E8E16001832D7 /* source1.gif */; };
/* End PBXBuildFile section */

/* Begin PBXContainerItemProxy section */
		84897A1E228E89A3001832D7 /* PBXContainerItemProxy */ = {
			isa = PBXContainerItemProxy;
			containerPortal = 848979FD228E89A2001832D7 /* Project object */;
			proxyType = 1;
			remoteGlobalIDString = 84897A04228E89A2001832D7;
			remoteInfo = CompressGifDemo;
		};
		84897A29228E89A3001832D7 /* PBXContainerItemProxy */ = {
			isa = PBXContainerItemProxy;
			containerPortal = 848979FD228E89A2001832D7 /* Project object */;
			proxyType = 1;
			remoteGlobalIDString = 84897A04228E89A2001832D7;
			remoteInfo = CompressGifDemo;
		};
/* End PBXContainerItemProxy section */

/* Begin PBXFileReference section */
		84897A05228E89A2001832D7 /* CompressGifDemo.app */ = {isa = PBXFileReference; explicitFileType = wrapper.application; includeInIndex = 0; path = CompressGifDemo.app; sourceTree = BUILT_PRODUCTS_DIR; };
		84897A08228E89A2001832D7 /* AppDelegate.h */ = {isa = PBXFileReference; lastKnownFileType = sourcecode.c.h; path = AppDelegate.h; sourceTree = "<group>"; };
		84897A09228E89A2001832D7 /* AppDelegate.m */ = {isa = PBXFileReference; lastKnownFileType = sourcecode.c.objc; path = AppDelegate.m; sourceTree = "<group>"; };
		84897A0B228E89A2001832D7 /* ViewController.h */ = {isa = PBXFileReference; lastKnownFileType = sourcecode.c.h; path = ViewController.h; sourceTree = "<group>"; };
		84897A0C228E89A2001832D7 /* ViewController.m */ = {isa = PBXFileReference; lastKnownFileType = sourcecode.c.objc; path = ViewController.m; sourceTree = "<group>"; };
		84897A0F228E89A2001832D7 /* Base */ = {isa = PBXFileReference; lastKnownFileType = file.storyboard; name = Base; path = Base.lproj/Main.storyboard; sourceTree = "<group>"; };
		84897A11228E89A3001832D7 /* Assets.xcassets */ = {isa = PBXFileReference; lastKnownFileType = folder.assetcatalog; path = Assets.xcassets; sourceTree = "<group>"; };
		84897A14228E89A3001832D7 /* Base */ = {isa = PBXFileReference; lastKnownFileType = file.storyboard; name = Base; path = Base.lproj/LaunchScreen.storyboard; sourceTree = "<group>"; };
		84897A16228E89A3001832D7 /* Info.plist */ = {isa = PBXFileReference; lastKnownFileType = text.plist.xml; path = Info.plist; sourceTree = "<group>"; };
		84897A17228E89A3001832D7 /* main.m */ = {isa = PBXFileReference; lastKnownFileType = sourcecode.c.objc; path = main.m; sourceTree = "<group>"; };
		84897A1D228E89A3001832D7 /* CompressGifDemoTests.xctest */ = {isa = PBXFileReference; explicitFileType = wrapper.cfbundle; includeInIndex = 0; path = CompressGifDemoTests.xctest; sourceTree = BUILT_PRODUCTS_DIR; };
		84897A21228E89A3001832D7 /* CompressGifDemoTests.m */ = {isa = PBXFileReference; lastKnownFileType = sourcecode.c.objc; path = CompressGifDemoTests.m; sourceTree = "<group>"; };
		84897A23228E89A3001832D7 /* Info.plist */ = {isa = PBXFileReference; lastKnownFileType = text.plist.xml; path = Info.plist; sourceTree = "<group>"; };
		84897A28228E89A3001832D7 /* CompressGifDemoUITests.xctest */ = {isa = PBXFileReference; explicitFileType = wrapper.cfbundle; includeInIndex = 0; path = CompressGifDemoUITests.xctest; sourceTree = BUILT_PRODUCTS_DIR; };
		84897A2C228E89A3001832D7 /* CompressGifDemoUITests.m */ = {isa = PBXFileReference; lastKnownFileType = sourcecode.c.objc; path = CompressGifDemoUITests.m; sourceTree = "<group>"; };
		84897A2E228E89A3001832D7 /* Info.plist */ = {isa = PBXFileReference; lastKnownFileType = text.plist.xml; path = Info.plist; sourceTree = "<group>"; };
		84897A3B228E8B35001832D7 /* UIImageView+PlayGIF.m */ = {isa = PBXFileReference; fileEncoding = 4; lastKnownFileType = sourcecode.c.objc; path = "UIImageView+PlayGIF.m"; sourceTree = "<group>"; };
		84897A3C228E8B35001832D7 /* UIImageView+PlayGIF.h */ = {isa = PBXFileReference; fileEncoding = 4; lastKnownFileType = sourcecode.c.h; path = "UIImageView+PlayGIF.h"; sourceTree = "<group>"; };
		84897A3D228E8B35001832D7 /* UIImage+ScallGif.m */ = {isa = PBXFileReference; fileEncoding = 4; lastKnownFileType = sourcecode.c.objc; path = "UIImage+ScallGif.m"; sourceTree = "<group>"; };
		84897A3E228E8B35001832D7 /* UIImage+ScallGif.h */ = {isa = PBXFileReference; fileEncoding = 4; lastKnownFileType = sourcecode.c.h; path = "UIImage+ScallGif.h"; sourceTree = "<group>"; };
		84897A41228E8E16001832D7 /* source2.gif */ = {isa = PBXFileReference; lastKnownFileType = image.gif; path = source2.gif; sourceTree = "<group>"; };
		84897A42228E8E16001832D7 /* source1.gif */ = {isa = PBXFileReference; lastKnownFileType = image.gif; path = source1.gif; sourceTree = "<group>"; };
/* End PBXFileReference section */

/* Begin PBXFrameworksBuildPhase section */
		84897A02228E89A2001832D7 /* Frameworks */ = {
			isa = PBXFrameworksBuildPhase;
			buildActionMask = 2147483647;
			files = (
			);
			runOnlyForDeploymentPostprocessing = 0;
		};
		84897A1A228E89A3001832D7 /* Frameworks */ = {
			isa = PBXFrameworksBuildPhase;
			buildActionMask = 2147483647;
			files = (
			);
			runOnlyForDeploymentPostprocessing = 0;
		};
		84897A25228E89A3001832D7 /* Frameworks */ = {
			isa = PBXFrameworksBuildPhase;
			buildActionMask = 2147483647;
			files = (
			);
			runOnlyForDeploymentPostprocessing = 0;
		};
/* End PBXFrameworksBuildPhase section */

/* Begin PBXGroup section */
		848979FC228E89A2001832D7 = {
			isa = PBXGroup;
			children = (
				84897A07228E89A2001832D7 /* CompressGifDemo */,
				84897A20228E89A3001832D7 /* CompressGifDemoTests */,
				84897A2B228E89A3001832D7 /* CompressGifDemoUITests */,
				84897A06228E89A2001832D7 /* Products */,
			);
			sourceTree = "<group>";
		};
		84897A06228E89A2001832D7 /* Products */ = {
			isa = PBXGroup;
			children = (
				84897A05228E89A2001832D7 /* CompressGifDemo.app */,
				84897A1D228E89A3001832D7 /* CompressGifDemoTests.xctest */,
				84897A28228E89A3001832D7 /* CompressGifDemoUITests.xctest */,
			);
			name = Products;
			sourceTree = "<group>";
		};
		84897A07228E89A2001832D7 /* CompressGifDemo */ = {
			isa = PBXGroup;
			children = (
				84897A42228E8E16001832D7 /* source1.gif */,
				84897A41228E8E16001832D7 /* source2.gif */,
				84897A08228E89A2001832D7 /* AppDelegate.h */,
				84897A09228E89A2001832D7 /* AppDelegate.m */,
				84897A0B228E89A2001832D7 /* ViewController.h */,
				84897A0C228E89A2001832D7 /* ViewController.m */,
				84897A3A228E8B12001832D7 /* Tools */,
				84897A0E228E89A2001832D7 /* Main.storyboard */,
				84897A11228E89A3001832D7 /* Assets.xcassets */,
				84897A13228E89A3001832D7 /* LaunchScreen.storyboard */,
				84897A16228E89A3001832D7 /* Info.plist */,
				84897A17228E89A3001832D7 /* main.m */,
			);
			path = CompressGifDemo;
			sourceTree = "<group>";
		};
		84897A20228E89A3001832D7 /* CompressGifDemoTests */ = {
			isa = PBXGroup;
			children = (
				84897A21228E89A3001832D7 /* CompressGifDemoTests.m */,
				84897A23228E89A3001832D7 /* Info.plist */,
			);
			path = CompressGifDemoTests;
			sourceTree = "<group>";
		};
		84897A2B228E89A3001832D7 /* CompressGifDemoUITests */ = {
			isa = PBXGroup;
			children = (
				84897A2C228E89A3001832D7 /* CompressGifDemoUITests.m */,
				84897A2E228E89A3001832D7 /* Info.plist */,
			);
			path = CompressGifDemoUITests;
			sourceTree = "<group>";
		};
		84897A3A228E8B12001832D7 /* Tools */ = {
			isa = PBXGroup;
			children = (
				84897A3E228E8B35001832D7 /* UIImage+ScallGif.h */,
				84897A3D228E8B35001832D7 /* UIImage+ScallGif.m */,
				84897A3C228E8B35001832D7 /* UIImageView+PlayGIF.h */,
				84897A3B228E8B35001832D7 /* UIImageView+PlayGIF.m */,
			);
			path = Tools;
			sourceTree = "<group>";
		};
/* End PBXGroup section */

/* Begin PBXNativeTarget section */
		84897A04228E89A2001832D7 /* CompressGifDemo */ = {
			isa = PBXNativeTarget;
			buildConfigurationList = 84897A31228E89A3001832D7 /* Build configuration list for PBXNativeTarget "CompressGifDemo" */;
			buildPhases = (
				84897A01228E89A2001832D7 /* Sources */,
				84897A02228E89A2001832D7 /* Frameworks */,
				84897A03228E89A2001832D7 /* Resources */,
			);
			buildRules = (
			);
			dependencies = (
			);
			name = CompressGifDemo;
			productName = CompressGifDemo;
			productReference = 84897A05228E89A2001832D7 /* CompressGifDemo.app */;
			productType = "com.apple.product-type.application";
		};
		84897A1C228E89A3001832D7 /* CompressGifDemoTests */ = {
			isa = PBXNativeTarget;
			buildConfigurationList = 84897A34228E89A3001832D7 /* Build configuration list for PBXNativeTarget "CompressGifDemoTests" */;
			buildPhases = (
				84897A19228E89A3001832D7 /* Sources */,
				84897A1A228E89A3001832D7 /* Frameworks */,
				84897A1B228E89A3001832D7 /* Resources */,
			);
			buildRules = (
			);
			dependencies = (
				84897A1F228E89A3001832D7 /* PBXTargetDependency */,
			);
			name = CompressGifDemoTests;
			productName = CompressGifDemoTests;
			productReference = 84897A1D228E89A3001832D7 /* CompressGifDemoTests.xctest */;
			productType = "com.apple.product-type.bundle.unit-test";
		};
		84897A27228E89A3001832D7 /* CompressGifDemoUITests */ = {
			isa = PBXNativeTarget;
			buildConfigurationList = 84897A37228E89A3001832D7 /* Build configuration list for PBXNativeTarget "CompressGifDemoUITests" */;
			buildPhases = (
				84897A24228E89A3001832D7 /* Sources */,
				84897A25228E89A3001832D7 /* Frameworks */,
				84897A26228E89A3001832D7 /* Resources */,
			);
			buildRules = (
			);
			dependencies = (
				84897A2A228E89A3001832D7 /* PBXTargetDependency */,
			);
			name = CompressGifDemoUITests;
			productName = CompressGifDemoUITests;
			productReference = 84897A28228E89A3001832D7 /* CompressGifDemoUITests.xctest */;
			productType = "com.apple.product-type.bundle.ui-testing";
		};
/* End PBXNativeTarget section */

/* Begin PBXProject section */
		848979FD228E89A2001832D7 /* Project object */ = {
			isa = PBXProject;
			attributes = {
				KnownAssetTags = (
					size1,
				);
				LastUpgradeCheck = 1020;
				ORGANIZATIONNAME = ydd;
				TargetAttributes = {
					84897A04228E89A2001832D7 = {
						CreatedOnToolsVersion = 10.2.1;
					};
					84897A1C228E89A3001832D7 = {
						CreatedOnToolsVersion = 10.2.1;
						TestTargetID = 84897A04228E89A2001832D7;
					};
					84897A27228E89A3001832D7 = {
						CreatedOnToolsVersion = 10.2.1;
						TestTargetID = 84897A04228E89A2001832D7;
					};
				};
			};
			buildConfigurationList = 84897A00228E89A2001832D7 /* Build configuration list for PBXProject "CompressGifDemo" */;
			compatibilityVersion = "Xcode 9.3";
			developmentRegion = en;
			hasScannedForEncodings = 0;
			knownRegions = (
				en,
				Base,
			);
			mainGroup = 848979FC228E89A2001832D7;
			productRefGroup = 84897A06228E89A2001832D7 /* Products */;
			projectDirPath = "";
			projectRoot = "";
			targets = (
				84897A04228E89A2001832D7 /* CompressGifDemo */,
				84897A1C228E89A3001832D7 /* CompressGifDemoTests */,
				84897A27228E89A3001832D7 /* CompressGifDemoUITests */,
			);
		};
/* End PBXProject section */

/* Begin PBXResourcesBuildPhase section */
		84897A03228E89A2001832D7 /* Resources */ = {
			isa = PBXResourcesBuildPhase;
			buildActionMask = 2147483647;
			files = (
				84897A43228E8E16001832D7 /* source2.gif in Resources */,
				84897A15228E89A3001832D7 /* LaunchScreen.storyboard in Resources */,
				84897A44228E8E16001832D7 /* source1.gif in Resources */,
				84897A12228E89A3001832D7 /* Assets.xcassets in Resources */,
				84897A10228E89A2001832D7 /* Main.storyboard in Resources */,
			);
			runOnlyForDeploymentPostprocessing = 0;
		};
		84897A1B228E89A3001832D7 /* Resources */ = {
			isa = PBXResourcesBuildPhase;
			buildActionMask = 2147483647;
			files = (
			);
			runOnlyForDeploymentPostprocessing = 0;
		};
		84897A26228E89A3001832D7 /* Resources */ = {
			isa = PBXResourcesBuildPhase;
			buildActionMask = 2147483647;
			files = (
			);
			runOnlyForDeploymentPostprocessing = 0;
		};
/* End PBXResourcesBuildPhase section */

/* Begin PBXSourcesBuildPhase section */
		84897A01228E89A2001832D7 /* Sources */ = {
			isa = PBXSourcesBuildPhase;
			buildActionMask = 2147483647;
			files = (
				84897A0D228E89A2001832D7 /* ViewController.m in Sources */,
				84897A40228E8B35001832D7 /* UIImage+ScallGif.m in Sources */,
				84897A18228E89A3001832D7 /* main.m in Sources */,
				84897A0A228E89A2001832D7 /* AppDelegate.m in Sources */,
				84897A3F228E8B35001832D7 /* UIImageView+PlayGIF.m in Sources */,
			);
			runOnlyForDeploymentPostprocessing = 0;
		};
		84897A19228E89A3001832D7 /* Sources */ = {
			isa = PBXSourcesBuildPhase;
			buildActionMask = 2147483647;
			files = (
				84897A22228E89A3001832D7 /* CompressGifDemoTests.m in Sources */,
			);
			runOnlyForDeploymentPostprocessing = 0;
		};
		84897A24228E89A3001832D7 /* Sources */ = {
			isa = PBXSourcesBuildPhase;
			buildActionMask = 2147483647;
			files = (
				84897A2D228E89A3001832D7 /* CompressGifDemoUITests.m in Sources */,
			);
			runOnlyForDeploymentPostprocessing = 0;
		};
/* End PBXSourcesBuildPhase section */

/* Begin PBXTargetDependency section */
		84897A1F228E89A3001832D7 /* PBXTargetDependency */ = {
			isa = PBXTargetDependency;
			target = 84897A04228E89A2001832D7 /* CompressGifDemo */;
			targetProxy = 84897A1E228E89A3001832D7 /* PBXContainerItemProxy */;
		};
		84897A2A228E89A3001832D7 /* PBXTargetDependency */ = {
			isa = PBXTargetDependency;
			target = 84897A04228E89A2001832D7 /* CompressGifDemo */;
			targetProxy = 84897A29228E89A3001832D7 /* PBXContainerItemProxy */;
		};
/* End PBXTargetDependency section */

/* Begin PBXVariantGroup section */
		84897A0E228E89A2001832D7 /* Main.storyboard */ = {
			isa = PBXVariantGroup;
			children = (
				84897A0F228E89A2001832D7 /* Base */,
			);
			name = Main.storyboard;
			sourceTree = "<group>";
		};
		84897A13228E89A3001832D7 /* LaunchScreen.storyboard */ = {
			isa = PBXVariantGroup;
			children = (
				84897A14228E89A3001832D7 /* Base */,
			);
			name = LaunchScreen.storyboard;
			sourceTree = "<group>";
		};
/* End PBXVariantGroup section */

/* Begin XCBuildConfiguration section */
		84897A2F228E89A3001832D7 /* Debug */ = {
			isa = XCBuildConfiguration;
			buildSettings = {
				ALWAYS_SEARCH_USER_PATHS = NO;
				CLANG_ANALYZER_NONNULL = YES;
				CLANG_ANALYZER_NUMBER_OBJECT_CONVERSION = YES_AGGRESSIVE;
				CLANG_CXX_LANGUAGE_STANDARD = "gnu++14";
				CLANG_CXX_LIBRARY = "libc++";
				CLANG_ENABLE_MODULES = YES;
				CLANG_ENABLE_OBJC_ARC = YES;
				CLANG_ENABLE_OBJC_WEAK = YES;
				CLANG_WARN_BLOCK_CAPTURE_AUTORELEASING = YES;
				CLANG_WARN_BOOL_CONVERSION = YES;
				CLANG_WARN_COMMA = YES;
				CLANG_WARN_CONSTANT_CONVERSION = YES;
				CLANG_WARN_DEPRECATED_OBJC_IMPLEMENTATIONS = YES;
				CLANG_WARN_DIRECT_OBJC_ISA_USAGE = YES_ERROR;
				CLANG_WARN_DOCUMENTATION_COMMENTS = YES;
				CLANG_WARN_EMPTY_BODY = YES;
				CLANG_WARN_ENUM_CONVERSION = YES;
				CLANG_WARN_INFINITE_RECURSION = YES;
				CLANG_WARN_INT_CONVERSION = YES;
				CLANG_WARN_NON_LITERAL_NULL_CONVERSION = YES;
				CLANG_WARN_OBJC_IMPLICIT_RETAIN_SELF = YES;
				CLANG_WARN_OBJC_LITERAL_CONVERSION = YES;
				CLANG_WARN_OBJC_ROOT_CLASS = YES_ERROR;
				CLANG_WARN_RANGE_LOOP_ANALYSIS = YES;
				CLANG_WARN_STRICT_PROTOTYPES = YES;
				CLANG_WARN_SUSPICIOUS_MOVE = YES;
				CLANG_WARN_UNGUARDED_AVAILABILITY = YES_AGGRESSIVE;
				CLANG_WARN_UNREACHABLE_CODE = YES;
				CLANG_WARN__DUPLICATE_METHOD_MATCH = YES;
				CODE_SIGN_IDENTITY = "iPhone Developer";
				COPY_PHASE_STRIP = NO;
				DEBUG_INFORMATION_FORMAT = dwarf;
				ENABLE_STRICT_OBJC_MSGSEND = YES;
				ENABLE_TESTABILITY = YES;
				GCC_C_LANGUAGE_STANDARD = gnu11;
				GCC_DYNAMIC_NO_PIC = NO;
				GCC_NO_COMMON_BLOCKS = YES;
				GCC_OPTIMIZATION_LEVEL = 0;
				GCC_PREPROCESSOR_DEFINITIONS = (
					"DEBUG=1",
					"$(inherited)",
				);
				GCC_WARN_64_TO_32_BIT_CONVERSION = YES;
				GCC_WARN_ABOUT_RETURN_TYPE = YES_ERROR;
				GCC_WARN_UNDECLARED_SELECTOR = YES;
				GCC_WARN_UNINITIALIZED_AUTOS = YES_AGGRESSIVE;
				GCC_WARN_UNUSED_FUNCTION = YES;
				GCC_WARN_UNUSED_VARIABLE = YES;
				IPHONEOS_DEPLOYMENT_TARGET = 12.2;
				MTL_ENABLE_DEBUG_INFO = INCLUDE_SOURCE;
				MTL_FAST_MATH = YES;
				ONLY_ACTIVE_ARCH = YES;
				SDKROOT = iphoneos;
			};
			name = Debug;
		};
		84897A30228E89A3001832D7 /* Release */ = {
			isa = XCBuildConfiguration;
			buildSettings = {
				ALWAYS_SEARCH_USER_PATHS = NO;
				CLANG_ANALYZER_NONNULL = YES;
				CLANG_ANALYZER_NUMBER_OBJECT_CONVERSION = YES_AGGRESSIVE;
				CLANG_CXX_LANGUAGE_STANDARD = "gnu++14";
				CLANG_CXX_LIBRARY = "libc++";
				CLANG_ENABLE_MODULES = YES;
				CLANG_ENABLE_OBJC_ARC = YES;
				CLANG_ENABLE_OBJC_WEAK = YES;
				CLANG_WARN_BLOCK_CAPTURE_AUTORELEASING = YES;
				CLANG_WARN_BOOL_CONVERSION = YES;
				CLANG_WARN_COMMA = YES;
				CLANG_WARN_CONSTANT_CONVERSION = YES;
				CLANG_WARN_DEPRECATED_OBJC_IMPLEMENTATIONS = YES;
				CLANG_WARN_DIRECT_OBJC_ISA_USAGE = YES_ERROR;
				CLANG_WARN_DOCUMENTATION_COMMENTS = YES;
				CLANG_WARN_EMPTY_BODY = YES;
				CLANG_WARN_ENUM_CONVERSION = YES;
				CLANG_WARN_INFINITE_RECURSION = YES;
				CLANG_WARN_INT_CONVERSION = YES;
				CLANG_WARN_NON_LITERAL_NULL_CONVERSION = YES;
				CLANG_WARN_OBJC_IMPLICIT_RETAIN_SELF = YES;
				CLANG_WARN_OBJC_LITERAL_CONVERSION = YES;
				CLANG_WARN_OBJC_ROOT_CLASS = YES_ERROR;
				CLANG_WARN_RANGE_LOOP_ANALYSIS = YES;
				CLANG_WARN_STRICT_PROTOTYPES = YES;
				CLANG_WARN_SUSPICIOUS_MOVE = YES;
				CLANG_WARN_UNGUARDED_AVAILABILITY = YES_AGGRESSIVE;
				CLANG_WARN_UNREACHABLE_CODE = YES;
				CLANG_WARN__DUPLICATE_METHOD_MATCH = YES;
				CODE_SIGN_IDENTITY = "iPhone Developer";
				COPY_PHASE_STRIP = NO;
				DEBUG_INFORMATION_FORMAT = "dwarf-with-dsym";
				ENABLE_NS_ASSERTIONS = NO;
				ENABLE_STRICT_OBJC_MSGSEND = YES;
				GCC_C_LANGUAGE_STANDARD = gnu11;
				GCC_NO_COMMON_BLOCKS = YES;
				GCC_WARN_64_TO_32_BIT_CONVERSION = YES;
				GCC_WARN_ABOUT_RETURN_TYPE = YES_ERROR;
				GCC_WARN_UNDECLARED_SELECTOR = YES;
				GCC_WARN_UNINITIALIZED_AUTOS = YES_AGGRESSIVE;
				GCC_WARN_UNUSED_FUNCTION = YES;
				GCC_WARN_UNUSED_VARIABLE = YES;
				IPHONEOS_DEPLOYMENT_TARGET = 12.2;
				MTL_ENABLE_DEBUG_INFO = NO;
				MTL_FAST_MATH = YES;
				SDKROOT = iphoneos;
				VALIDATE_PRODUCT = YES;
			};
			name = Release;
		};
		84897A32228E89A3001832D7 /* Debug */ = {
			isa = XCBuildConfiguration;
			buildSettings = {
				ASSETCATALOG_COMPILER_APPICON_NAME = AppIcon;
				CODE_SIGN_STYLE = Automatic;
				DEVELOPMENT_TEAM = 8F7D4C878S;
				INFOPLIST_FILE = CompressGifDemo/Info.plist;
				IPHONEOS_DEPLOYMENT_TARGET = 10.0;
				LD_RUNPATH_SEARCH_PATHS = (
					"$(inherited)",
					"@executable_path/Frameworks",
				);
				PRODUCT_BUNDLE_IDENTIFIER = com.ydd.test.CompressGifDemo;
				PRODUCT_NAME = "$(TARGET_NAME)";
				TARGETED_DEVICE_FAMILY = "1,2";
			};
			name = Debug;
		};
		84897A33228E89A3001832D7 /* Release */ = {
			isa = XCBuildConfiguration;
			buildSettings = {
				ASSETCATALOG_COMPILER_APPICON_NAME = AppIcon;
				CODE_SIGN_STYLE = Automatic;
				DEVELOPMENT_TEAM = 8F7D4C878S;
				INFOPLIST_FILE = CompressGifDemo/Info.plist;
				IPHONEOS_DEPLOYMENT_TARGET = 10.0;
				LD_RUNPATH_SEARCH_PATHS = (
					"$(inherited)",
					"@executable_path/Frameworks",
				);
				PRODUCT_BUNDLE_IDENTIFIER = com.ydd.test.CompressGifDemo;
				PRODUCT_NAME = "$(TARGET_NAME)";
				TARGETED_DEVICE_FAMILY = "1,2";
			};
			name = Release;
		};
		84897A35228E89A3001832D7 /* Debug */ = {
			isa = XCBuildConfiguration;
			buildSettings = {
				BUNDLE_LOADER = "$(TEST_HOST)";
				CODE_SIGN_STYLE = Automatic;
				INFOPLIST_FILE = CompressGifDemoTests/Info.plist;
				LD_RUNPATH_SEARCH_PATHS = (
					"$(inherited)",
					"@executable_path/Frameworks",
					"@loader_path/Frameworks",
				);
				PRODUCT_BUNDLE_IDENTIFIER = com.ydd.test.CompressGifDemoTests;
				PRODUCT_NAME = "$(TARGET_NAME)";
				TARGETED_DEVICE_FAMILY = "1,2";
				TEST_HOST = "$(BUILT_PRODUCTS_DIR)/CompressGifDemo.app/CompressGifDemo";
			};
			name = Debug;
		};
		84897A36228E89A3001832D7 /* Release */ = {
			isa = XCBuildConfiguration;
			buildSettings = {
				BUNDLE_LOADER = "$(TEST_HOST)";
				CODE_SIGN_STYLE = Automatic;
				INFOPLIST_FILE = CompressGifDemoTests/Info.plist;
				LD_RUNPATH_SEARCH_PATHS = (
					"$(inherited)",
					"@executable_path/Frameworks",
					"@loader_path/Frameworks",
				);
				PRODUCT_BUNDLE_IDENTIFIER = com.ydd.test.CompressGifDemoTests;
				PRODUCT_NAME = "$(TARGET_NAME)";
				TARGETED_DEVICE_FAMILY = "1,2";
				TEST_HOST = "$(BUILT_PRODUCTS_DIR)/CompressGifDemo.app/CompressGifDemo";
			};
			name = Release;
		};
		84897A38228E89A3001832D7 /* Debug */ = {
			isa = XCBuildConfiguration;
			buildSettings = {
				CODE_SIGN_STYLE = Automatic;
				INFOPLIST_FILE = CompressGifDemoUITests/Info.plist;
				LD_RUNPATH_SEARCH_PATHS = (
					"$(inherited)",
					"@executable_path/Frameworks",
					"@loader_path/Frameworks",
				);
				PRODUCT_BUNDLE_IDENTIFIER = com.ydd.test.CompressGifDemoUITests;
				PRODUCT_NAME = "$(TARGET_NAME)";
				TARGETED_DEVICE_FAMILY = "1,2";
				TEST_TARGET_NAME = CompressGifDemo;
			};
			name = Debug;
		};
		84897A39228E89A3001832D7 /* Release */ = {
			isa = XCBuildConfiguration;
			buildSettings = {
				CODE_SIGN_STYLE = Automatic;
				INFOPLIST_FILE = CompressGifDemoUITests/Info.plist;
				LD_RUNPATH_SEARCH_PATHS = (
					"$(inherited)",
					"@executable_path/Frameworks",
					"@loader_path/Frameworks",
				);
				PRODUCT_BUNDLE_IDENTIFIER = com.ydd.test.CompressGifDemoUITests;
				PRODUCT_NAME = "$(TARGET_NAME)";
				TARGETED_DEVICE_FAMILY = "1,2";
				TEST_TARGET_NAME = CompressGifDemo;
			};
			name = Release;
		};
/* End XCBuildConfiguration section */

/* Begin XCConfigurationList section */
		84897A00228E89A2001832D7 /* Build configuration list for PBXProject "CompressGifDemo" */ = {
			isa = XCConfigurationList;
			buildConfigurations = (
				84897A2F228E89A3001832D7 /* Debug */,
				84897A30228E89A3001832D7 /* Release */,
			);
			defaultConfigurationIsVisible = 0;
			defaultConfigurationName = Release;
		};
		84897A31228E89A3001832D7 /* Build configuration list for PBXNativeTarget "CompressGifDemo" */ = {
			isa = XCConfigurationList;
			buildConfigurations = (
				84897A32228E89A3001832D7 /* Debug */,
				84897A33228E89A3001832D7 /* Release */,
			);
			defaultConfigurationIsVisible = 0;
			defaultConfigurationName = Release;
		};
		84897A34228E89A3001832D7 /* Build configuration list for PBXNativeTarget "CompressGifDemoTests" */ = {
			isa = XCConfigurationList;
			buildConfigurations = (
				84897A35228E89A3001832D7 /* Debug */,
				84897A36228E89A3001832D7 /* Release */,
			);
			defaultConfigurationIsVisible = 0;
			defaultConfigurationName = Release;
		};
		84897A37228E89A3001832D7 /* Build configuration list for PBXNativeTarget "CompressGifDemoUITests" */ = {
			isa = XCConfigurationList;
			buildConfigurations = (
				84897A38228E89A3001832D7 /* Debug */,
				84897A39228E89A3001832D7 /* Release */,
			);
			defaultConfigurationIsVisible = 0;
			defaultConfigurationName = Release;
		};
/* End XCConfigurationList section */
	};
	rootObject = 848979FD228E89A2001832D7 /* Project object */;
}
